version = 1
requires-python = "==3.11.11"

[[package]]
name = "ffmpeg"
version = "1.4"
source = { registry = "https://pypi.org/simple" }
sdist = { url = "https://files.pythonhosted.org/packages/f0/cc/3b7408b8ecf7c1d20ad480c3eaed7619857bf1054b690226e906fdf14258/ffmpeg-1.4.tar.gz", hash = "sha256:6931692c890ff21d39938433c2189747815dca0c60ddc7f9bb97f199dba0b5b9", size = 5055 }

[[package]]
name = "mindvision-python-app"
version = "0.1.0"
source = { editable = "." }
dependencies = [
    { name = "ffmpeg" },
    { name = "numpy" },
    { name = "opencv-python" },
    { name = "pillow" },
    { name = "pyserial" },
    { name = "pyside6" },
    { name = "qimage2ndarray" },
    { name = "tifffile" },
]

[package.metadata]
requires-dist = [
    { name = "ffmpeg" },
    { name = "numpy" },
    { name = "opencv-python" },
    { name = "pillow" },
    { name = "pyserial" },
    { name = "pyside6" },
    { name = "qimage2ndarray" },
    { name = "tifffile" },
]

[[package]]
name = "numpy"
version = "2.4.1"
source = { registry = "https://pypi.org/simple" }
sdist = { url = "https://files.pythonhosted.org/packages/24/62/ae72ff66c0f1fd959925b4c11f8c2dea61f47f6acaea75a08512cdfe3fed/numpy-2.4.1.tar.gz", hash = "sha256:a1ceafc5042451a858231588a104093474c6a5c57dcc724841f5c888d237d690", size = 20721320 }
wheels = [
    { url = "https://files.pythonhosted.org/packages/a5/34/2b1bc18424f3ad9af577f6ce23600319968a70575bd7db31ce66731bbef9/numpy-2.4.1-cp311-cp311-macosx_10_9_x86_64.whl", hash = "sha256:0cce2a669e3c8ba02ee563c7835f92c153cf02edff1ae05e1823f1dde21b16a5", size = 16944563 },
    { url = "https://files.pythonhosted.org/packages/2c/57/26e5f97d075aef3794045a6ca9eada6a4ed70eb9a40e7a4a93f9ac80d704/numpy-2.4.1-cp311-cp311-macosx_11_0_arm64.whl", hash = "sha256:899d2c18024984814ac7e83f8f49d8e8180e2fbe1b2e252f2e7f1d06bea92425", size = 12645658 },
    { url = "https://files.pythonhosted.org/packages/8e/ba/80fc0b1e3cb2fd5c6143f00f42eb67762aa043eaa05ca924ecc3222a7849/numpy-2.4.1-cp311-cp311-macosx_14_0_arm64.whl", hash = "sha256:09aa8a87e45b55a1c2c205d42e2808849ece5c484b2aab11fecabec3841cafba", size = 5474132 },
    { url = "https://files.pythonhosted.org/packages/40/ae/0a5b9a397f0e865ec171187c78d9b57e5588afc439a04ba9cab1ebb2c945/numpy-2.4.1-cp311-cp311-macosx_14_0_x86_64.whl", hash = "sha256:edee228f76ee2dab4579fad6f51f6a305de09d444280109e0f75df247ff21501", size = 6804159 },
    { url = "https://files.pythonhosted.org/packages/86/9c/841c15e691c7085caa6fd162f063eff494099c8327aeccd509d1ab1e36ab/numpy-2.4.1-cp311-cp311-manylinux_2_27_aarch64.manylinux_2_28_aarch64.whl", hash = "sha256:a92f227dbcdc9e4c3e193add1a189a9909947d4f8504c576f4a732fd0b54240a", size = 14708058 },
    { url = "https://files.pythonhosted.org/packages/5d/9d/7862db06743f489e6a502a3b93136d73aea27d97b2cf91504f70a27501d6/numpy-2.4.1-cp311-cp311-manylinux_2_27_x86_64.manylinux_2_28_x86_64.whl", hash = "sha256:538bf4ec353709c765ff75ae616c34d3c3dca1a68312727e8f2676ea644f8509", size = 16651501 },
    { url = "https://files.pythonhosted.org/packages/a6/9c/6fc34ebcbd4015c6e5f0c0ce38264010ce8a546cb6beacb457b84a75dfc8/numpy-2.4.1-cp311-cp311-musllinux_1_2_aarch64.whl", hash = "sha256:ac08c63cb7779b85e9d5318e6c3518b424bc1f364ac4cb2c6136f12e5ff2dccc", size = 16492627 },
    { url = "https://files.pythonhosted.org/packages/aa/63/2494a8597502dacda439f61b3c0db4da59928150e62be0e99395c3ad23c5/numpy-2.4.1-cp311-cp311-musllinux_1_2_x86_64.whl", hash = "sha256:4f9c360ecef085e5841c539a9a12b883dff005fbd7ce46722f5e9cef52634d82", size = 18585052 },
    { url = "https://files.pythonhosted.org/packages/6a/93/098e1162ae7522fc9b618d6272b77404c4656c72432ecee3abc029aa3de0/numpy-2.4.1-cp311-cp311-win32.whl", hash = "sha256:0f118ce6b972080ba0758c6087c3617b5ba243d806268623dc34216d69099ba0", size = 6236575 },
    { url = "https://files.pythonhosted.org/packages/8c/de/f5e79650d23d9e12f38a7bc6b03ea0835b9575494f8ec94c11c6e773b1b1/numpy-2.4.1-cp311-cp311-win_amd64.whl", hash = "sha256:18e14c4d09d55eef39a6ab5b08406e84bc6869c1e34eef45564804f90b7e0574", size = 12604479 },
    { url = "https://files.pythonhosted.org/packages/dd/65/e1097a7047cff12ce3369bd003811516b20ba1078dbdec135e1cd7c16c56/numpy-2.4.1-cp311-cp311-win_arm64.whl", hash = "sha256:6461de5113088b399d655d45c3897fa188766415d0f568f175ab071c8873bd73", size = 10578325 },
    { url = "https://files.pythonhosted.org/packages/1e/48/d86f97919e79314a1cdee4c832178763e6e98e623e123d0bada19e92c15a/numpy-2.4.1-pp311-pypy311_pp73-macosx_10_15_x86_64.whl", hash = "sha256:8ad35f20be147a204e28b6a0575fbf3540c5e5f802634d4258d55b1ff5facce1", size = 16822202 },
    { url = "https://files.pythonhosted.org/packages/51/e9/1e62a7f77e0f37dcfb0ad6a9744e65df00242b6ea37dfafb55debcbf5b55/numpy-2.4.1-pp311-pypy311_pp73-macosx_11_0_arm64.whl", hash = "sha256:8097529164c0f3e32bb89412a0905d9100bf434d9692d9fc275e18dcf53c9344", size = 12569985 },
    { url = "https://files.pythonhosted.org/packages/c7/7e/914d54f0c801342306fdcdce3e994a56476f1b818c46c47fc21ae968088c/numpy-2.4.1-pp311-pypy311_pp73-macosx_14_0_arm64.whl", hash = "sha256:ea66d2b41ca4a1630aae5507ee0a71647d3124d1741980138aa8f28f44dac36e", size = 5398484 },
    { url = "https://files.pythonhosted.org/packages/1c/d8/9570b68584e293a33474e7b5a77ca404f1dcc655e40050a600dee81d27fb/numpy-2.4.1-pp311-pypy311_pp73-macosx_14_0_x86_64.whl", hash = "sha256:d3f8f0df9f4b8be57b3bf74a1d087fec68f927a2fab68231fdb442bf2c12e426", size = 6713216 },
    { url = "https://files.pythonhosted.org/packages/33/9b/9dd6e2db8d49eb24f86acaaa5258e5f4c8ed38209a4ee9de2d1a0ca25045/numpy-2.4.1-pp311-pypy311_pp73-manylinux_2_27_aarch64.manylinux_2_28_aarch64.whl", hash = "sha256:2023ef86243690c2791fd6353e5b4848eedaa88ca8a2d129f462049f6d484696", size = 14538937 },
    { url = "https://files.pythonhosted.org/packages/53/87/d5bd995b0f798a37105b876350d346eea5838bd8f77ea3d7a48392f3812b/numpy-2.4.1-pp311-pypy311_pp73-manylinux_2_27_x86_64.manylinux_2_28_x86_64.whl", hash = "sha256:8361ea4220d763e54cff2fbe7d8c93526b744f7cd9ddab47afeff7e14e8503be", size = 16479830 },
    { url = "https://files.pythonhosted.org/packages/5b/c7/b801bf98514b6ae6475e941ac05c58e6411dd863ea92916bfd6d510b08c1/numpy-2.4.1-pp311-pypy311_pp73-win_amd64.whl", hash = "sha256:4f1b68ff47680c2925f8063402a693ede215f0257f02596b1318ecdfb1d79e33", size = 12492579 },
]

[[package]]
name = "opencv-python"
version = "4.13.0.90"
source = { registry = "https://pypi.org/simple" }
dependencies = [
    { name = "numpy" },
]
wheels = [
    { url = "https://files.pythonhosted.org/packages/77/d7/133d5756aef78090f4d8dd4895793aed24942dec6064a15375cfac9175fc/opencv_python-4.13.0.90-cp37-abi3-macosx_13_0_arm64.whl", hash = "sha256:58803f8b05b51d8a785e2306d83b44173b32536f980342f3bc76d8c122b5938d", size = 46020278 },
    { url = "https://files.pythonhosted.org/packages/7b/65/3b8cdbe13fa2436695d00e1d8c1ddf5edb4050a93436f34ed867233d1960/opencv_python-4.13.0.90-cp37-abi3-macosx_14_0_x86_64.whl", hash = "sha256:a5354e8b161409fce7710ba4c1cfe88b7bb460d97f705dc4e714a1636616f87d", size = 32568376 },
    { url = "https://files.pythonhosted.org/packages/34/ff/e4d7c165e678563f49505d3d2811fcc16011e929cd00bc4b0070c7ee82b0/opencv_python-4.13.0.90-cp37-abi3-manylinux2014_aarch64.manylinux_2_17_aarch64.whl", hash = "sha256:d557cbf0c7818081c9acf56585b68e781af4f00638971f75eaa3de70904a6314", size = 47685110 },
    { url = "https://files.pythonhosted.org/packages/cf/02/d9b73dbce28712204e85ae4c1e179505e9a771f95b33743a97e170caedde/opencv_python-4.13.0.90-cp37-abi3-manylinux2014_x86_64.manylinux_2_17_x86_64.whl", hash = "sha256:9911581e37b24169e4842069ff01d6645ea2bc4af7e10a022d9ebe340fd035ec", size = 70460479 },
    { url = "https://files.pythonhosted.org/packages/fc/1c/87fa71968beb71481ed359e21772061ceff7c9b45a61b3e7daa71e5b0b66/opencv_python-4.13.0.90-cp37-abi3-manylinux_2_28_aarch64.whl", hash = "sha256:1150b8f1947761b848bbfa9c96ceba8877743ffef157c08a04af6f7717ddd709", size = 46707819 },
    { url = "https://files.pythonhosted.org/packages/af/16/915a94e5b537c328fa3e96b769c7d4eed3b67d1be978e0af658a3d3faed8/opencv_python-4.13.0.90-cp37-abi3-manylinux_2_28_x86_64.whl", hash = "sha256:d6716f16149b04eea52f953b8ca983d60dd9cd4872c1fd5113f6e2fcebb90e93", size = 72926629 },
    { url = "https://files.pythonhosted.org/packages/bf/84/9c63c84be013943dd4c5fff36157f1ec0ec894b69a2fc3026fd4e3c9280a/opencv_python-4.13.0.90-cp37-abi3-win32.whl", hash = "sha256:458a00f2ba47a877eca385be3e7bcc45e6d30a4361d107ce73c1800f516dab09", size = 30932151 },
    { url = "https://files.pythonhosted.org/packages/13/de/291cbb17f44242ed6bfd3450fc2535d6bd298115c0ccd6f01cd51d4a11d7/opencv_python-4.13.0.90-cp37-abi3-win_amd64.whl", hash = "sha256:526bde4c33a86808a751e2bb57bf4921beb49794621810971926c472897f6433", size = 40211706 },
]

[[package]]
name = "pillow"
version = "12.1.0"
source = { registry = "https://pypi.org/simple" }
sdist = { url = "https://files.pythonhosted.org/packages/d0/02/d52c733a2452ef1ffcc123b68e6606d07276b0e358db70eabad7e40042b7/pillow-12.1.0.tar.gz", hash = "sha256:5c5ae0a06e9ea030ab786b0251b32c7e4ce10e58d983c0d5c56029455180b5b9", size = 46977283 }
wheels = [
    { url = "https://files.pythonhosted.org/packages/43/c4/bf8328039de6cc22182c3ef007a2abfbbdab153661c0a9aa78af8d706391/pillow-12.1.0-cp311-cp311-macosx_10_10_x86_64.whl", hash = "sha256:a83e0850cb8f5ac975291ebfc4170ba481f41a28065277f7f735c202cd8e0af3", size = 5304057 },
    { url = "https://files.pythonhosted.org/packages/43/06/7264c0597e676104cc22ca73ee48f752767cd4b1fe084662620b17e10120/pillow-12.1.0-cp311-cp311-macosx_11_0_arm64.whl", hash = "sha256:b6e53e82ec2db0717eabb276aa56cf4e500c9a7cec2c2e189b55c24f65a3e8c0", size = 4657811 },
    { url = "https://files.pythonhosted.org/packages/72/64/f9189e44474610daf83da31145fa56710b627b5c4c0b9c235e34058f6b31/pillow-12.1.0-cp311-cp311-manylinux2014_aarch64.manylinux_2_17_aarch64.whl", hash = "sha256:40a8e3b9e8773876d6e30daed22f016509e3987bab61b3b7fe309d7019a87451", size = 6232243 },
    { url = "https://files.pythonhosted.org/packages/ef/30/0df458009be6a4caca4ca2c52975e6275c387d4e5c95544e34138b41dc86/pillow-12.1.0-cp311-cp311-manylinux2014_x86_64.manylinux_2_17_x86_64.whl", hash = "sha256:800429ac32c9b72909c671aaf17ecd13110f823ddb7db4dfef412a5587c2c24e", size = 8037872 },
    { url = "https://files.pythonhosted.org/packages/e4/86/95845d4eda4f4f9557e25381d70876aa213560243ac1a6d619c46caaedd9/pillow-12.1.0-cp311-cp311-manylinux_2_27_aarch64.manylinux_2_28_aarch64.whl", hash = "sha256:0b022eaaf709541b391ee069f0022ee5b36c709df71986e3f7be312e46f42c84", size = 6345398 },
    { url = "https://files.pythonhosted.org/packages/5c/1f/8e66ab9be3aaf1435bc03edd1ebdf58ffcd17f7349c1d970cafe87af27d9/pillow-12.1.0-cp311-cp311-manylinux_2_27_x86_64.manylinux_2_28_x86_64.whl", hash = "sha256:1f345e7bc9d7f368887c712aa5054558bad44d2a301ddf9248599f4161abc7c0", size = 7034667 },
    { url = "https://files.pythonhosted.org/packages/f9/f6/683b83cb9b1db1fb52b87951b1c0b99bdcfceaa75febf11406c19f82cb5e/pillow-12.1.0-cp311-cp311-musllinux_1_2_aarch64.whl", hash = "sha256:d70347c8a5b7ccd803ec0c85c8709f036e6348f1e6a5bf048ecd9c64d3550b8b", size = 6458743 },
    { url = "https://files.pythonhosted.org/packages/9a/7d/de833d63622538c1d58ce5395e7c6cb7e7dce80decdd8bde4a484e095d9f/pillow-12.1.0-cp311-cp311-musllinux_1_2_x86_64.whl", hash = "sha256:1fcc52d86ce7a34fd17cb04e87cfdb164648a3662a6f20565910a99653d66c18", size = 7159342 },
    { url = "https://files.pythonhosted.org/packages/8c/40/50d86571c9e5868c42b81fe7da0c76ca26373f3b95a8dd675425f4a92ec1/pillow-12.1.0-cp311-cp311-win32.whl", hash = "sha256:3ffaa2f0659e2f740473bcf03c702c39a8d4b2b7ffc629052028764324842c64", size = 6328655 },
    { url = "https://files.pythonhosted.org/packages/6c/af/b1d7e301c4cd26cd45d4af884d9ee9b6fab893b0ad2450d4746d74a6968c/pillow-12.1.0-cp311-cp311-win_amd64.whl", hash = "sha256:806f3987ffe10e867bab0ddad45df1148a2b98221798457fa097ad85d6e8bc75", size = 7031469 },
    { url = "https://files.pythonhosted.org/packages/48/36/d5716586d887fb2a810a4a61518a327a1e21c8b7134c89283af272efe84b/pillow-12.1.0-cp311-cp311-win_arm64.whl", hash = "sha256:9f5fefaca968e700ad1a4a9de98bf0869a94e397fe3524c4c9450c1445252304", size = 2452515 },
    { url = "https://files.pythonhosted.org/packages/8b/bc/224b1d98cffd7164b14707c91aac83c07b047fbd8f58eba4066a3e53746a/pillow-12.1.0-pp311-pypy311_pp73-macosx_10_15_x86_64.whl", hash = "sha256:ca94b6aac0d7af2a10ba08c0f888b3d5114439b6b3ef39968378723622fed377", size = 5228605 },
    { url = "https://files.pythonhosted.org/packages/0c/ca/49ca7769c4550107de049ed85208240ba0f330b3f2e316f24534795702ce/pillow-12.1.0-pp311-pypy311_pp73-macosx_11_0_arm64.whl", hash = "sha256:351889afef0f485b84078ea40fe33727a0492b9af3904661b0abbafee0355b72", size = 4622245 },
    { url = "https://files.pythonhosted.org/packages/73/48/fac807ce82e5955bcc2718642b94b1bd22a82a6d452aea31cbb678cddf12/pillow-12.1.0-pp311-pypy311_pp73-manylinux2014_aarch64.manylinux_2_17_aarch64.whl", hash = "sha256:bb0984b30e973f7e2884362b7d23d0a348c7143ee559f38ef3eaab640144204c", size = 5247593 },
    { url = "https://files.pythonhosted.org/packages/d2/95/3e0742fe358c4664aed4fd05d5f5373dcdad0b27af52aa0972568541e3f4/pillow-12.1.0-pp311-pypy311_pp73-manylinux2014_x86_64.manylinux_2_17_x86_64.whl", hash = "sha256:84cabc7095dd535ca934d57e9ce2a72ffd216e435a84acb06b2277b1de2689bd", size = 6989008 },
    { url = "https://files.pythonhosted.org/packages/5a/74/fe2ac378e4e202e56d50540d92e1ef4ff34ed687f3c60f6a121bcf99437e/pillow-12.1.0-pp311-pypy311_pp73-manylinux_2_27_aarch64.manylinux_2_28_aarch64.whl", hash = "sha256:53d8b764726d3af1a138dd353116f774e3862ec7e3794e0c8781e30db0f35dfc", size = 5313824 },
    { url = "https://files.pythonhosted.org/packages/f3/77/2a60dee1adee4e2655ac328dd05c02a955c1cd683b9f1b82ec3feb44727c/pillow-12.1.0-pp311-pypy311_pp73-manylinux_2_27_x86_64.manylinux_2_28_x86_64.whl", hash = "sha256:5da841d81b1a05ef940a8567da92decaa15bc4d7dedb540a8c219ad83d91808a", size = 5963278 },
    { url = "https://files.pythonhosted.org/packages/2d/71/64e9b1c7f04ae0027f788a248e6297d7fcc29571371fe7d45495a78172c0/pillow-12.1.0-pp311-pypy311_pp73-win_amd64.whl", hash = "sha256:75af0b4c229ac519b155028fa1be632d812a519abba9b46b20e50c6caa184f19", size = 7029809 },
]

[[package]]
name = "pyserial"
version = "3.5"
source = { registry = "https://pypi.org/simple" }
sdist = { url = "https://files.pythonhosted.org/packages/1e/7d/ae3f0a63f41e4d2f6cb66a5b57197850f919f59e558159a4dd3a818f5082/pyserial-3.5.tar.gz", hash = "sha256:3c77e014170dfffbd816e6ffc205e9842efb10be9f58ec16d3e8675b4925cddb", size = 159125 }
wheels = [
    { url = "https://files.pythonhosted.org/packages/07/bc/587a445451b253b285629263eb51c2d8e9bcea4fc97826266d186f96f558/pyserial-3.5-py2.py3-none-any.whl", hash = "sha256:c4451db6ba391ca6ca299fb3ec7bae67a5c55dde170964c7a14ceefec02f2cf0", size = 90585 },
]

[[package]]
name = "pyside6"
version = "6.10.1"
source = { registry = "https://pypi.org/simple" }
dependencies = [
    { name = "pyside6-addons" },
    { name = "pyside6-essentials" },
    { name = "shiboken6" },
]
wheels = [
    { url = "https://files.pythonhosted.org/packages/56/22/f82cfcd1158be502c5741fe67c3fa853f3c1edbd3ac2c2250769dd9722d1/pyside6-6.10.1-cp39-abi3-macosx_13_0_universal2.whl", hash = "sha256:d0e70dd0e126d01986f357c2a555722f9462cf8a942bf2ce180baf69f468e516", size = 558169 },
    { url = "https://files.pythonhosted.org/packages/66/eb/54afe242a25d1c33b04ecd8321a549d9efb7b89eef7690eed92e98ba1dc9/pyside6-6.10.1-cp39-abi3-manylinux_2_34_x86_64.whl", hash = "sha256:4053bf51ba2c2cb20e1005edd469997976a02cec009f7c46356a0b65c137f1fa", size = 557818 },
    { url = "https://files.pythonhosted.org/packages/4d/af/5706b1b33587dc2f3dfa3a5000424befba35e4f2d5889284eebbde37138b/pyside6-6.10.1-cp39-abi3-manylinux_2_39_aarch64.whl", hash = "sha256:7d3ca20a40139ca5324a7864f1d91cdf2ff237e11bd16354a42670f2a4eeb13c", size = 558358 },
    { url = "https://files.pythonhosted.org/packages/26/41/3f48d724ecc8e42cea8a8442aa9b5a86d394b85093275990038fd1020039/pyside6-6.10.1-cp39-abi3-win_amd64.whl", hash = "sha256:9f89ff994f774420eaa38cec6422fddd5356611d8481774820befd6f3bb84c9e", size = 564424 },
    { url = "https://files.pythonhosted.org/packages/af/30/395411473b433875a82f6b5fdd0cb28f19a0e345bcaac9fbc039400d7072/pyside6-6.10.1-cp39-abi3-win_arm64.whl", hash = "sha256:9c5c1d94387d1a32a6fae25348097918ef413b87dfa3767c46f737c6d48ae437", size = 548866 },
]

[[package]]
name = "pyside6-addons"
version = "6.10.1"
source = { registry = "https://pypi.org/simple" }
dependencies = [
    { name = "pyside6-essentials" },
    { name = "shiboken6" },
]
wheels = [
    { url = "https://files.pythonhosted.org/packages/2d/f9/b72a2578d7dbef7741bb90b5756b4ef9c99a5b40148ea53ce7f048573fe9/pyside6_addons-6.10.1-cp39-abi3-macosx_13_0_universal2.whl", hash = "sha256:4d2b82bbf9b861134845803837011e5f9ac7d33661b216805273cf0c6d0f8e82", size = 322639446 },
    { url = "https://files.pythonhosted.org/packages/94/3b/3ed951c570a15570706a89d39bfd4eaaffdf16d5c2dca17e82fc3ec8aaa6/pyside6_addons-6.10.1-cp39-abi3-manylinux_2_34_x86_64.whl", hash = "sha256:330c229b58d30083a7b99ed22e118eb4f4126408429816a4044ccd0438ae81b4", size = 170678293 },
    { url = "https://files.pythonhosted.org/packages/22/77/4c780b204d0bf3323a75c184e349d063e208db44c993f1214aa4745d6f47/pyside6_addons-6.10.1-cp39-abi3-manylinux_2_39_aarch64.whl", hash = "sha256:56864b5fecd6924187a2d0f7e98d968ed72b6cc267caa5b294cd7e88fff4e54c", size = 166365011 },
    { url = "https://files.pythonhosted.org/packages/04/14/58239776499e6b279fa6ca2e0d47209531454b99f6bd2ad7c96f11109416/pyside6_addons-6.10.1-cp39-abi3-win_amd64.whl", hash = "sha256:b6e249d15407dd33d6a2ffabd9dc6d7a8ab8c95d05f16a71dad4d07781c76341", size = 164864664 },
    { url = "https://files.pythonhosted.org/packages/e2/cd/1b74108671ba4b1ebb2661330665c4898b089e9c87f7ba69fe2438f3d1b6/pyside6_addons-6.10.1-cp39-abi3-win_arm64.whl", hash = "sha256:0de303c0447326cdc6c8be5ab066ef581e2d0baf22560c9362d41b8304fdf2db", size = 34191225 },
]

[[package]]
name = "pyside6-essentials"
version = "6.10.1"
source = { registry = "https://pypi.org/simple" }
dependencies = [
    { name = "shiboken6" },
]
wheels = [
    { url = "https://files.pythonhosted.org/packages/04/b0/c43209fecef79912e9b1c70a1b5172b1edf76caebcc885c58c60a09613b0/pyside6_essentials-6.10.1-cp39-abi3-macosx_13_0_universal2.whl", hash = "sha256:cd224aff3bb26ff1fca32c050e1c4d0bd9f951a96219d40d5f3d0128485b0bbe", size = 105461499 },
    { url = "https://files.pythonhosted.org/packages/5f/8e/b69ba7fa0c701f3f4136b50460441697ec49ee6ea35c229eb2a5ee4b5952/pyside6_essentials-6.10.1-cp39-abi3-manylinux_2_34_x86_64.whl", hash = "sha256:e9ccbfb58c03911a0bce1f2198605b02d4b5ca6276bfc0cbcf7c6f6393ffb856", size = 76764617 },
    { url = "https://files.pythonhosted.org/packages/bd/83/569d27f4b6c6b9377150fe1a3745d64d02614021bea233636bc936a23423/pyside6_essentials-6.10.1-cp39-abi3-manylinux_2_39_aarch64.whl", hash = "sha256:ec8617c9b143b0c19ba1cc5a7e98c538e4143795480cb152aee47802c18dc5d2", size = 75850373 },
    { url = "https://files.pythonhosted.org/packages/1e/64/a8df6333de8ccbf3a320e1346ca30d0f314840aff5e3db9b4b66bf38e26c/pyside6_essentials-6.10.1-cp39-abi3-win_amd64.whl", hash = "sha256:9555a48e8f0acf63fc6a23c250808db841b28a66ed6ad89ee0e4df7628752674", size = 74491180 },
    { url = "https://files.pythonhosted.org/packages/67/da/65cc6c6a870d4ea908c59b2f0f9e2cf3bfc6c0710ebf278ed72f69865e4e/pyside6_essentials-6.10.1-cp39-abi3-win_arm64.whl", hash = "sha256:4d1d248644f1778f8ddae5da714ca0f5a150a5e6f602af2765a7d21b876da05c", size = 55190458 },
]

[[package]]
name = "qimage2ndarray"
version = "1.10.0"
source = { registry = "https://pypi.org/simple" }
dependencies = [
    { name = "numpy" },
]
sdist = { url = "https://files.pythonhosted.org/packages/c5/c5/9c5630bcda3e2dd8445dd5c663e938451967c84d7f8707816ca9f00824db/qimage2ndarray-1.10.0.tar.gz", hash = "sha256:3725102446dc8a696b2ec775b1d2af43b13af6a7f9ebee8a37115bb9543a2c58", size = 200439 }
wheels = [
    { url = "https://files.pythonhosted.org/packages/9d/79/d3ce0ec91c3c761e04d0210d5544073ba3d38a4d6538e2ba58b45e33275c/qimage2ndarray-1.10.0-py3-none-any.whl", hash = "sha256:4c1c2a4ef2f72a7943392ee76305da87831274b9a10f00ccf624a54cb335ec6d", size = 12590 },
]

[[package]]
name = "shiboken6"
version = "6.10.1"
source = { registry = "https://pypi.org/simple" }
wheels = [
    { url = "https://files.pythonhosted.org/packages/6f/8b/e5db743d505ceea3efc4cd9634a3bee22a3e2bf6e07cefd28c9b9edabcc6/shiboken6-6.10.1-cp39-abi3-macosx_13_0_universal2.whl", hash = "sha256:9f2990f5b61b0b68ecadcd896ab4441f2cb097eef7797ecc40584107d9850d71", size = 478483 },
    { url = "https://files.pythonhosted.org/packages/56/ba/b50c1a44b3c4643f482afbf1a0ea58f393827307100389ce29404f9ad3b0/shiboken6-6.10.1-cp39-abi3-manylinux_2_34_x86_64.whl", hash = "sha256:f4221a52dfb81f24a0d20cc4f8981cb6edd810d5a9fb28287ce10d342573a0e4", size = 271993 },
    { url = "https://files.pythonhosted.org/packages/16/b8/939c24ebd662b0aa5c945443d0973145b3fb7079f0196274ef7bb4b98f73/shiboken6-6.10.1-cp39-abi3-manylinux_2_39_aarch64.whl", hash = "sha256:c095b00f4d6bf578c0b2464bb4e264b351a99345374478570f69e2e679a2a1d0", size = 268691 },
    { url = "https://files.pythonhosted.org/packages/cf/a6/8c65ee0fa5e172ebcca03246b1bc3bd96cdaf1d60537316648536b7072a5/shiboken6-6.10.1-cp39-abi3-win_amd64.whl", hash = "sha256:c1601d3cda1fa32779b141663873741b54e797cb0328458d7466281f117b0a4e", size = 1234704 },
    { url = "https://files.pythonhosted.org/packages/7b/6a/c0fea2f2ac7d9d96618c98156500683a4d1f93fea0e8c5a2bc39913d7ef1/shiboken6-6.10.1-cp39-abi3-win_arm64.whl", hash = "sha256:5cf800917008587b551005a45add2d485cca66f5f7ecd5b320e9954e40448cc9", size = 1795567 },
]

[[package]]
name = "tifffile"
version = "2026.1.14"
source = { registry = "https://pypi.org/simple" }
dependencies = [
    { name = "numpy" },
]
sdist = { url = "https://files.pythonhosted.org/packages/5d/19/a41ab0dc1b314da952d99957289944c3b8b76021399c72693e4c1fddc6c3/tifffile-2026.1.14.tar.gz", hash = "sha256:a423c583e1eecd9ca255642d47f463efa8d7f2365a0e110eb0167570493e0c8c", size = 373639 }
wheels = [
    { url = "https://files.pythonhosted.org/packages/a3/4d/3fd60d3a37b544cb59463add86e4dfbb485880225115341281906a7b140e/tifffile-2026.1.14-py3-none-any.whl", hash = "sha256:29cf4adb43562a4624fc959018ab1b44e0342015d3db4581b983fe40e05f5924", size = 232213 },
]
